
Microsoft Visual Studio Solution File, Format Version 12.00
# Visual Studio Version 17
VisualStudioVersion = 17.4.33213.308
MinimumVisualStudioVersion = 10.0.40219.1
Project("{FAE04EC0-301F-11D3-BF4B-00C04F79EFBC}") = "invoPRO", "invoPRO.csproj", "{C35A043F-33BE-4907-B101-EB9E31DF59CE}"
EndProject
Global
	GlobalSection(SolutionConfigurationPlatforms) = preSolution
		Debug|Any CPU = Debug|Any CPU
		Release|Any CPU = Release|Any CPU
	EndGlobalSection
	GlobalSection(ProjectConfigurationPlatforms) = postSolution
		{C35A043F-33BE-4907-B101-EB9E31DF59CE}.Debug|Any CPU.ActiveCfg = Debug|Any CPU
		{C35A043F-33BE-4907-B101-EB9E31DF59CE}.Debug|Any CPU.Build.0 = Debug|Any CPU
		{C35A043F-33BE-4907-B101-EB9E31DF59CE}.Release|Any CPU.ActiveCfg = Release|Any CPU
		{C35A043F-33BE-4907-B101-EB9E31DF59CE}.Release|Any CPU.Build.0 = Release|Any CPU
	EndGlobalSection
	GlobalSection(SolutionProperties) = preSolution
		HideSolutionNode = FALSE
	EndGlobalSection
	GlobalSection(ExtensibilityGlobals) = postSolution
		SolutionGuid = {6B9FAFA5-C6AB-4E23-8915-08EEC4B31B90}
	EndGlobalSection
EndGlobal
